// !$*UTF8*$!
{
	archiveVersion = 1;
	classes = {
	};
	objectVersion = 56;
	objects = {

/* Begin PBXBuildFile section */
		18856AF52C2AB3FD00C61982 /* PrinterAppApp.swift in Sources */ = {isa = PBXBuildFile; fileRef = 18856AF42C2AB3FD00C61982 /* PrinterAppApp.swift */; };
		18856AF92C2AB40100C61982 /* Assets.xcassets in Resources */ = {isa = PBXBuildFile; fileRef = 18856AF82C2AB40100C61982 /* Assets.xcassets */; };
		18856AFC2C2AB40100C61982 /* Preview Assets.xcassets in Resources */ = {isa = PBXBuildFile; fileRef = 18856AFB2C2AB40100C61982 /* Preview Assets.xcassets */; };
		18856B032C2AC6A600C61982 /* OnboardingView.swift in Sources */ = {isa = PBXBuildFile; fileRef = 18856B022C2AC6A500C61982 /* OnboardingView.swift */; };
		18856B072C2AC6ED00C61982 /* OnboardingSlide.swift in Sources */ = {isa = PBXBuildFile; fileRef = 18856B062C2AC6ED00C61982 /* OnboardingSlide.swift */; };
		18856B092C2AC6F800C61982 /* PaywallView.swift in Sources */ = {isa = PBXBuildFile; fileRef = 18856B082C2AC6F800C61982 /* PaywallView.swift */; };
		18856B0B2C2AC72500C61982 /* MainView.swift in Sources */ = {isa = PBXBuildFile; fileRef = 18856B0A2C2AC72500C61982 /* MainView.swift */; };
		18856B102C2AC79500C61982 /* SplashView.swift in Sources */ = {isa = PBXBuildFile; fileRef = 18856B0F2C2AC79500C61982 /* SplashView.swift */; };
		18856B122C2ACB0200C61982 /* RoundedButton.swift in Sources */ = {isa = PBXBuildFile; fileRef = 18856B112C2ACB0200C61982 /* RoundedButton.swift */; };
		18856B142C2ACB1300C61982 /* TrialButton.swift in Sources */ = {isa = PBXBuildFile; fileRef = 18856B132C2ACB1300C61982 /* TrialButton.swift */; };
		18856B182C2ACB7000C61982 /* HapticTouchManager.swift in Sources */ = {isa = PBXBuildFile; fileRef = 18856B172C2ACB7000C61982 /* HapticTouchManager.swift */; };
		18856B1A2C2C33F000C61982 /* ScansView.swift in Sources */ = {isa = PBXBuildFile; fileRef = 18856B192C2C33F000C61982 /* ScansView.swift */; };
		18856B1C2C2C340800C61982 /* SettingsView.swift in Sources */ = {isa = PBXBuildFile; fileRef = 18856B1B2C2C340800C61982 /* SettingsView.swift */; };
		18856B292C2EDD1B00C61982 /* PrinterApp.xcdatamodeld in Sources */ = {isa = PBXBuildFile; fileRef = 18856B272C2EDD1B00C61982 /* PrinterApp.xcdatamodeld */; };
		18856B302C314E7900C61982 /* PersistenceController.swift in Sources */ = {isa = PBXBuildFile; fileRef = 18856B2F2C314E7900C61982 /* PersistenceController.swift */; };
		18856B332C3152E700C61982 /* IRLPDFScanContent in Frameworks */ = {isa = PBXBuildFile; productRef = 18856B322C3152E700C61982 /* IRLPDFScanContent */; };
		18856B352C3155DF00C61982 /* DocumentListView.swift in Sources */ = {isa = PBXBuildFile; fileRef = 18856B342C3155DF00C61982 /* DocumentListView.swift */; };
		18856B372C31574F00C61982 /* DocumentRow.swift in Sources */ = {isa = PBXBuildFile; fileRef = 18856B362C31574F00C61982 /* DocumentRow.swift */; };
/* End PBXBuildFile section */

/* Begin PBXFileReference section */
		18856AF12C2AB3FD00C61982 /* PrinterApp.app */ = {isa = PBXFileReference; explicitFileType = wrapper.application; includeInIndex = 0; path = PrinterApp.app; sourceTree = BUILT_PRODUCTS_DIR; };
		18856AF42C2AB3FD00C61982 /* PrinterAppApp.swift */ = {isa = PBXFileReference; lastKnownFileType = sourcecode.swift; path = PrinterAppApp.swift; sourceTree = "<group>"; };
		18856AF82C2AB40100C61982 /* Assets.xcassets */ = {isa = PBXFileReference; lastKnownFileType = folder.assetcatalog; path = Assets.xcassets; sourceTree = "<group>"; };
		18856AFB2C2AB40100C61982 /* Preview Assets.xcassets */ = {isa = PBXFileReference; lastKnownFileType = folder.assetcatalog; path = "Preview Assets.xcassets"; sourceTree = "<group>"; };
		18856B022C2AC6A500C61982 /* OnboardingView.swift */ = {isa = PBXFileReference; lastKnownFileType = sourcecode.swift; path = OnboardingView.swift; sourceTree = "<group>"; };
		18856B062C2AC6ED00C61982 /* OnboardingSlide.swift */ = {isa = PBXFileReference; lastKnownFileType = sourcecode.swift; path = OnboardingSlide.swift; sourceTree = "<group>"; };
		18856B082C2AC6F800C61982 /* PaywallView.swift */ = {isa = PBXFileReference; lastKnownFileType = sourcecode.swift; path = PaywallView.swift; sourceTree = "<group>"; };
		18856B0A2C2AC72500C61982 /* MainView.swift */ = {isa = PBXFileReference; lastKnownFileType = sourcecode.swift; path = MainView.swift; sourceTree = "<group>"; };
		18856B0F2C2AC79500C61982 /* SplashView.swift */ = {isa = PBXFileReference; lastKnownFileType = sourcecode.swift; path = SplashView.swift; sourceTree = "<group>"; };
		18856B112C2ACB0200C61982 /* RoundedButton.swift */ = {isa = PBXFileReference; lastKnownFileType = sourcecode.swift; path = RoundedButton.swift; sourceTree = "<group>"; };
		18856B132C2ACB1300C61982 /* TrialButton.swift */ = {isa = PBXFileReference; lastKnownFileType = sourcecode.swift; path = TrialButton.swift; sourceTree = "<group>"; };
		18856B172C2ACB7000C61982 /* HapticTouchManager.swift */ = {isa = PBXFileReference; lastKnownFileType = sourcecode.swift; path = HapticTouchManager.swift; sourceTree = "<group>"; };
		18856B192C2C33F000C61982 /* ScansView.swift */ = {isa = PBXFileReference; lastKnownFileType = sourcecode.swift; path = ScansView.swift; sourceTree = "<group>"; };
		18856B1B2C2C340800C61982 /* SettingsView.swift */ = {isa = PBXFileReference; lastKnownFileType = sourcecode.swift; path = SettingsView.swift; sourceTree = "<group>"; };
		18856B282C2EDD1B00C61982 /* DataModel.xcdatamodel */ = {isa = PBXFileReference; lastKnownFileType = wrapper.xcdatamodel; path = DataModel.xcdatamodel; sourceTree = "<group>"; };
		18856B2F2C314E7900C61982 /* PersistenceController.swift */ = {isa = PBXFileReference; lastKnownFileType = sourcecode.swift; path = PersistenceController.swift; sourceTree = "<group>"; };
		18856B342C3155DF00C61982 /* DocumentListView.swift */ = {isa = PBXFileReference; lastKnownFileType = sourcecode.swift; path = DocumentListView.swift; sourceTree = "<group>"; };
		18856B362C31574F00C61982 /* DocumentRow.swift */ = {isa = PBXFileReference; lastKnownFileType = sourcecode.swift; path = DocumentRow.swift; sourceTree = "<group>"; };
/* End PBXFileReference section */

/* Begin PBXFrameworksBuildPhase section */
		18856AEE2C2AB3FD00C61982 /* Frameworks */ = {
			isa = PBXFrameworksBuildPhase;
			buildActionMask = 2147483647;
			files = (
				18856B332C3152E700C61982 /* IRLPDFScanContent in Frameworks */,
			);
			runOnlyForDeploymentPostprocessing = 0;
		};
/* End PBXFrameworksBuildPhase section */

/* Begin PBXGroup section */
		18856AE82C2AB3FD00C61982 = {
			isa = PBXGroup;
			children = (
				18856AF32C2AB3FD00C61982 /* PrinterApp */,
				18856AF22C2AB3FD00C61982 /* Products */,
			);
			sourceTree = "<group>";
		};
		18856AF22C2AB3FD00C61982 /* Products */ = {
			isa = PBXGroup;
			children = (
				18856AF12C2AB3FD00C61982 /* PrinterApp.app */,
			);
			name = Products;
			sourceTree = "<group>";
		};
		18856AF32C2AB3FD00C61982 /* PrinterApp */ = {
			isa = PBXGroup;
			children = (
				18856B2E2C2EE08600C61982 /* Document */,
				18856B162C2ACB5C00C61982 /* Library */,
				18856B152C2ACB2400C61982 /* UIElements */,
				18856B0E2C2AC76500C61982 /* MainView */,
				18856B0D2C2AC75600C61982 /* Onboarding */,
				18856AF42C2AB3FD00C61982 /* PrinterAppApp.swift */,
				18856AF82C2AB40100C61982 /* Assets.xcassets */,
				18856AFA2C2AB40100C61982 /* Preview Content */,
				18856B272C2EDD1B00C61982 /* PrinterApp.xcdatamodeld */,
				18856B2F2C314E7900C61982 /* PersistenceController.swift */,
			);
			path = PrinterApp;
			sourceTree = "<group>";
		};
		18856AFA2C2AB40100C61982 /* Preview Content */ = {
			isa = PBXGroup;
			children = (
				18856AFB2C2AB40100C61982 /* Preview Assets.xcassets */,
			);
			path = "Preview Content";
			sourceTree = "<group>";
		};
		18856B0D2C2AC75600C61982 /* Onboarding */ = {
			isa = PBXGroup;
			children = (
				18856B0F2C2AC79500C61982 /* SplashView.swift */,
				18856B022C2AC6A500C61982 /* OnboardingView.swift */,
				18856B082C2AC6F800C61982 /* PaywallView.swift */,
				18856B062C2AC6ED00C61982 /* OnboardingSlide.swift */,
			);
			path = Onboarding;
			sourceTree = "<group>";
		};
		18856B0E2C2AC76500C61982 /* MainView */ = {
			isa = PBXGroup;
			children = (
				18856B0A2C2AC72500C61982 /* MainView.swift */,
				18856B192C2C33F000C61982 /* ScansView.swift */,
				18856B1B2C2C340800C61982 /* SettingsView.swift */,
			);
			path = MainView;
			sourceTree = "<group>";
		};
		18856B152C2ACB2400C61982 /* UIElements */ = {
			isa = PBXGroup;
			children = (
				18856B132C2ACB1300C61982 /* TrialButton.swift */,
				18856B112C2ACB0200C61982 /* RoundedButton.swift */,
			);
			path = UIElements;
			sourceTree = "<group>";
		};
		18856B162C2ACB5C00C61982 /* Library */ = {
			isa = PBXGroup;
			children = (
				18856B172C2ACB7000C61982 /* HapticTouchManager.swift */,
			);
			path = Library;
			sourceTree = "<group>";
		};
		18856B2E2C2EE08600C61982 /* Document */ = {
			isa = PBXGroup;
			children = (
				18856B342C3155DF00C61982 /* DocumentListView.swift */,
				18856B362C31574F00C61982 /* DocumentRow.swift */,
			);
			path = Document;
			sourceTree = "<group>";
		};
/* End PBXGroup section */

/* Begin PBXNativeTarget section */
		18856AF02C2AB3FD00C61982 /* PrinterApp */ = {
			isa = PBXNativeTarget;
			buildConfigurationList = 18856AFF2C2AB40100C61982 /* Build configuration list for PBXNativeTarget "PrinterApp" */;
			buildPhases = (
				18856AED2C2AB3FD00C61982 /* Sources */,
				18856AEE2C2AB3FD00C61982 /* Frameworks */,
				18856AEF2C2AB3FD00C61982 /* Resources */,
			);
			buildRules = (
			);
			dependencies = (
			);
			name = PrinterApp;
			packageProductDependencies = (
				18856B322C3152E700C61982 /* IRLPDFScanContent */,
			);
			productName = PrinterApp;
			productReference = 18856AF12C2AB3FD00C61982 /* PrinterApp.app */;
			productType = "com.apple.product-type.application";
		};
/* End PBXNativeTarget section */

/* Begin PBXProject section */
		18856AE92C2AB3FD00C61982 /* Project object */ = {
			isa = PBXProject;
			attributes = {
				BuildIndependentTargetsInParallel = 1;
				LastSwiftUpdateCheck = 1540;
				LastUpgradeCheck = 1540;
				TargetAttributes = {
					18856AF02C2AB3FD00C61982 = {
						CreatedOnToolsVersion = 15.4;
					};
				};
			};
			buildConfigurationList = 18856AEC2C2AB3FD00C61982 /* Build configuration list for PBXProject "PrinterApp" */;
			compatibilityVersion = "Xcode 14.0";
			developmentRegion = en;
			hasScannedForEncodings = 0;
			knownRegions = (
				en,
				Base,
			);
			mainGroup = 18856AE82C2AB3FD00C61982;
			packageReferences = (
				18856B312C3152E700C61982 /* XCRemoteSwiftPackageReference "IRLPDFScanContent" */,
			);
			productRefGroup = 18856AF22C2AB3FD00C61982 /* Products */;
			projectDirPath = "";
			projectRoot = "";
			targets = (
				18856AF02C2AB3FD00C61982 /* PrinterApp */,
			);
		};
/* End PBXProject section */

/* Begin PBXResourcesBuildPhase section */
		18856AEF2C2AB3FD00C61982 /* Resources */ = {
			isa = PBXResourcesBuildPhase;
			buildActionMask = 2147483647;
			files = (
				18856AFC2C2AB40100C61982 /* Preview Assets.xcassets in Resources */,
				18856AF92C2AB40100C61982 /* Assets.xcassets in Resources */,
			);
			runOnlyForDeploymentPostprocessing = 0;
		};
/* End PBXResourcesBuildPhase section */

/* Begin PBXSourcesBuildPhase section */
		18856AED2C2AB3FD00C61982 /* Sources */ = {
			isa = PBXSourcesBuildPhase;
			buildActionMask = 2147483647;
			files = (
				18856B072C2AC6ED00C61982 /* OnboardingSlide.swift in Sources */,
				18856B142C2ACB1300C61982 /* TrialButton.swift in Sources */,
				18856B0B2C2AC72500C61982 /* MainView.swift in Sources */,
				18856B372C31574F00C61982 /* DocumentRow.swift in Sources */,
				18856B092C2AC6F800C61982 /* PaywallView.swift in Sources */,
				18856B182C2ACB7000C61982 /* HapticTouchManager.swift in Sources */,
				18856B122C2ACB0200C61982 /* RoundedButton.swift in Sources */,
				18856B302C314E7900C61982 /* PersistenceController.swift in Sources */,
				18856B032C2AC6A600C61982 /* OnboardingView.swift in Sources */,
				18856AF52C2AB3FD00C61982 /* PrinterAppApp.swift in Sources */,
				18856B1C2C2C340800C61982 /* SettingsView.swift in Sources */,
				18856B292C2EDD1B00C61982 /* PrinterApp.xcdatamodeld in Sources */,
				18856B1A2C2C33F000C61982 /* ScansView.swift in Sources */,
				18856B102C2AC79500C61982 /* SplashView.swift in Sources */,
				18856B352C3155DF00C61982 /* DocumentListView.swift in Sources */,
			);
			runOnlyForDeploymentPostprocessing = 0;
		};
/* End PBXSourcesBuildPhase section */

/* Begin XCBuildConfiguration section */
		18856AFD2C2AB40100C61982 /* Debug */ = {
			isa = XCBuildConfiguration;
			buildSettings = {
				ALWAYS_SEARCH_USER_PATHS = NO;
				ASSETCATALOG_COMPILER_GENERATE_SWIFT_ASSET_SYMBOL_EXTENSIONS = YES;
				CLANG_ANALYZER_NONNULL = YES;
				CLANG_ANALYZER_NUMBER_OBJECT_CONVERSION = YES_AGGRESSIVE;
				CLANG_CXX_LANGUAGE_STANDARD = "gnu++20";
				CLANG_ENABLE_MODULES = YES;
				CLANG_ENABLE_OBJC_ARC = YES;
				CLANG_ENABLE_OBJC_WEAK = YES;
				CLANG_WARN_BLOCK_CAPTURE_AUTORELEASING = YES;
				CLANG_WARN_BOOL_CONVERSION = YES;
				CLANG_WARN_COMMA = YES;
				CLANG_WARN_CONSTANT_CONVERSION = YES;
				CLANG_WARN_DEPRECATED_OBJC_IMPLEMENTATIONS = YES;
				CLANG_WARN_DIRECT_OBJC_ISA_USAGE = YES_ERROR;
				CLANG_WARN_DOCUMENTATION_COMMENTS = YES;
				CLANG_WARN_EMPTY_BODY = YES;
				CLANG_WARN_ENUM_CONVERSION = YES;
				CLANG_WARN_INFINITE_RECURSION = YES;
				CLANG_WARN_INT_CONVERSION = YES;
				CLANG_WARN_NON_LITERAL_NULL_CONVERSION = YES;
				CLANG_WARN_OBJC_IMPLICIT_RETAIN_SELF = YES;
				CLANG_WARN_OBJC_LITERAL_CONVERSION = YES;
				CLANG_WARN_OBJC_ROOT_CLASS = YES_ERROR;
				CLANG_WARN_QUOTED_INCLUDE_IN_FRAMEWORK_HEADER = YES;
				CLANG_WARN_RANGE_LOOP_ANALYSIS = YES;
				CLANG_WARN_STRICT_PROTOTYPES = YES;
				CLANG_WARN_SUSPICIOUS_MOVE = YES;
				CLANG_WARN_UNGUARDED_AVAILABILITY = YES_AGGRESSIVE;
				CLANG_WARN_UNREACHABLE_CODE = YES;
				CLANG_WARN__DUPLICATE_METHOD_MATCH = YES;
				COPY_PHASE_STRIP = NO;
				DEBUG_INFORMATION_FORMAT = dwarf;
				ENABLE_STRICT_OBJC_MSGSEND = YES;
				ENABLE_TESTABILITY = YES;
				ENABLE_USER_SCRIPT_SANDBOXING = YES;
				GCC_C_LANGUAGE_STANDARD = gnu17;
				GCC_DYNAMIC_NO_PIC = NO;
				GCC_NO_COMMON_BLOCKS = YES;
				GCC_OPTIMIZATION_LEVEL = 0;
				GCC_PREPROCESSOR_DEFINITIONS = (
					"DEBUG=1",
					"$(inherited)",
				);
				GCC_WARN_64_TO_32_BIT_CONVERSION = YES;
				GCC_WARN_ABOUT_RETURN_TYPE = YES_ERROR;
				GCC_WARN_UNDECLARED_SELECTOR = YES;
				GCC_WARN_UNINITIALIZED_AUTOS = YES_AGGRESSIVE;
				GCC_WARN_UNUSED_FUNCTION = YES;
				GCC_WARN_UNUSED_VARIABLE = YES;
				IPHONEOS_DEPLOYMENT_TARGET = 17.5;
				LOCALIZATION_PREFERS_STRING_CATALOGS = YES;
				MTL_ENABLE_DEBUG_INFO = INCLUDE_SOURCE;
				MTL_FAST_MATH = YES;
				ONLY_ACTIVE_ARCH = YES;
				SDKROOT = iphoneos;
				SWIFT_ACTIVE_COMPILATION_CONDITIONS = "DEBUG $(inherited)";
				SWIFT_OPTIMIZATION_LEVEL = "-Onone";
			};
			name = Debug;
		};
		18856AFE2C2AB40100C61982 /* Release */ = {
			isa = XCBuildConfiguration;
			buildSettings = {
				ALWAYS_SEARCH_USER_PATHS = NO;
				ASSETCATALOG_COMPILER_GENERATE_SWIFT_ASSET_SYMBOL_EXTENSIONS = YES;
				CLANG_ANALYZER_NONNULL = YES;
				CLANG_ANALYZER_NUMBER_OBJECT_CONVERSION = YES_AGGRESSIVE;
				CLANG_CXX_LANGUAGE_STANDARD = "gnu++20";
				CLANG_ENABLE_MODULES = YES;
				CLANG_ENABLE_OBJC_ARC = YES;
				CLANG_ENABLE_OBJC_WEAK = YES;
				CLANG_WARN_BLOCK_CAPTURE_AUTORELEASING = YES;
				CLANG_WARN_BOOL_CONVERSION = YES;
				CLANG_WARN_COMMA = YES;
				CLANG_WARN_CONSTANT_CONVERSION = YES;
				CLANG_WARN_DEPRECATED_OBJC_IMPLEMENTATIONS = YES;
				CLANG_WARN_DIRECT_OBJC_ISA_USAGE = YES_ERROR;
				CLANG_WARN_DOCUMENTATION_COMMENTS = YES;
				CLANG_WARN_EMPTY_BODY = YES;
				CLANG_WARN_ENUM_CONVERSION = YES;
				CLANG_WARN_INFINITE_RECURSION = YES;
				CLANG_WARN_INT_CONVERSION = YES;
				CLANG_WARN_NON_LITERAL_NULL_CONVERSION = YES;
				CLANG_WARN_OBJC_IMPLICIT_RETAIN_SELF = YES;
				CLANG_WARN_OBJC_LITERAL_CONVERSION = YES;
				CLANG_WARN_OBJC_ROOT_CLASS = YES_ERROR;
				CLANG_WARN_QUOTED_INCLUDE_IN_FRAMEWORK_HEADER = YES;
				CLANG_WARN_RANGE_LOOP_ANALYSIS = YES;
				CLANG_WARN_STRICT_PROTOTYPES = YES;
				CLANG_WARN_SUSPICIOUS_MOVE = YES;
				CLANG_WARN_UNGUARDED_AVAILABILITY = YES_AGGRESSIVE;
				CLANG_WARN_UNREACHABLE_CODE = YES;
				CLANG_WARN__DUPLICATE_METHOD_MATCH = YES;
				COPY_PHASE_STRIP = NO;
				DEBUG_INFORMATION_FORMAT = "dwarf-with-dsym";
				ENABLE_NS_ASSERTIONS = NO;
				ENABLE_STRICT_OBJC_MSGSEND = YES;
				ENABLE_USER_SCRIPT_SANDBOXING = YES;
				GCC_C_LANGUAGE_STANDARD = gnu17;
				GCC_NO_COMMON_BLOCKS = YES;
				GCC_WARN_64_TO_32_BIT_CONVERSION = YES;
				GCC_WARN_ABOUT_RETURN_TYPE = YES_ERROR;
				GCC_WARN_UNDECLARED_SELECTOR = YES;
				GCC_WARN_UNINITIALIZED_AUTOS = YES_AGGRESSIVE;
				GCC_WARN_UNUSED_FUNCTION = YES;
				GCC_WARN_UNUSED_VARIABLE = YES;
				IPHONEOS_DEPLOYMENT_TARGET = 17.5;
				LOCALIZATION_PREFERS_STRING_CATALOGS = YES;
				MTL_ENABLE_DEBUG_INFO = NO;
				MTL_FAST_MATH = YES;
				SDKROOT = iphoneos;
				SWIFT_COMPILATION_MODE = wholemodule;
				VALIDATE_PRODUCT = YES;
			};
			name = Release;
		};
		18856B002C2AB40100C61982 /* Debug */ = {
			isa = XCBuildConfiguration;
			buildSettings = {
				ASSETCATALOG_COMPILER_APPICON_NAME = AppIcon;
				ASSETCATALOG_COMPILER_GLOBAL_ACCENT_COLOR_NAME = AccentColor;
				CODE_SIGN_STYLE = Automatic;
				CURRENT_PROJECT_VERSION = 1;
				DEVELOPMENT_ASSET_PATHS = "\"PrinterApp/Preview Content\"";
				DEVELOPMENT_TEAM = XDGNVQNR94;
				ENABLE_PREVIEWS = YES;
				GENERATE_INFOPLIST_FILE = YES;
				INFOPLIST_KEY_UIApplicationSceneManifest_Generation = YES;
				INFOPLIST_KEY_UIApplicationSupportsIndirectInputEvents = YES;
				INFOPLIST_KEY_UILaunchScreen_Generation = YES;
				INFOPLIST_KEY_UISupportedInterfaceOrientations_iPad = "UIInterfaceOrientationPortrait UIInterfaceOrientationPortraitUpsideDown UIInterfaceOrientationLandscapeLeft UIInterfaceOrientationLandscapeRight";
				INFOPLIST_KEY_UISupportedInterfaceOrientations_iPhone = "UIInterfaceOrientationPortrait UIInterfaceOrientationLandscapeLeft UIInterfaceOrientationLandscapeRight";
				LD_RUNPATH_SEARCH_PATHS = (
					"$(inherited)",
					"@executable_path/Frameworks",
				);
				MARKETING_VERSION = 1.0;
				PRODUCT_BUNDLE_IDENTIFIER = com.ivankis.PrinterApp;
				PRODUCT_NAME = "$(TARGET_NAME)";
				SWIFT_EMIT_LOC_STRINGS = YES;
				SWIFT_VERSION = 5.0;
				TARGETED_DEVICE_FAMILY = "1,2";
			};
			name = Debug;
		};
		18856B012C2AB40100C61982 /* Release */ = {
			isa = XCBuildConfiguration;
			buildSettings = {
				ASSETCATALOG_COMPILER_APPICON_NAME = AppIcon;
				ASSETCATALOG_COMPILER_GLOBAL_ACCENT_COLOR_NAME = AccentColor;
				CODE_SIGN_STYLE = Automatic;
				CURRENT_PROJECT_VERSION = 1;
				DEVELOPMENT_ASSET_PATHS = "\"PrinterApp/Preview Content\"";
				DEVELOPMENT_TEAM = XDGNVQNR94;
				ENABLE_PREVIEWS = YES;
				GENERATE_INFOPLIST_FILE = YES;
				INFOPLIST_KEY_UIApplicationSceneManifest_Generation = YES;
				INFOPLIST_KEY_UIApplicationSupportsIndirectInputEvents = YES;
				INFOPLIST_KEY_UILaunchScreen_Generation = YES;
				INFOPLIST_KEY_UISupportedInterfaceOrientations_iPad = "UIInterfaceOrientationPortrait UIInterfaceOrientationPortraitUpsideDown UIInterfaceOrientationLandscapeLeft UIInterfaceOrientationLandscapeRight";
				INFOPLIST_KEY_UISupportedInterfaceOrientations_iPhone = "UIInterfaceOrientationPortrait UIInterfaceOrientationLandscapeLeft UIInterfaceOrientationLandscapeRight";
				LD_RUNPATH_SEARCH_PATHS = (
					"$(inherited)",
					"@executable_path/Frameworks",
				);
				MARKETING_VERSION = 1.0;
				PRODUCT_BUNDLE_IDENTIFIER = com.ivankis.PrinterApp;
				PRODUCT_NAME = "$(TARGET_NAME)";
				SWIFT_EMIT_LOC_STRINGS = YES;
				SWIFT_VERSION = 5.0;
				TARGETED_DEVICE_FAMILY = "1,2";
			};
			name = Release;
		};
/* End XCBuildConfiguration section */

/* Begin XCConfigurationList section */
		18856AEC2C2AB3FD00C61982 /* Build configuration list for PBXProject "PrinterApp" */ = {
			isa = XCConfigurationList;
			buildConfigurations = (
				18856AFD2C2AB40100C61982 /* Debug */,
				18856AFE2C2AB40100C61982 /* Release */,
			);
			defaultConfigurationIsVisible = 0;
			defaultConfigurationName = Release;
		};
		18856AFF2C2AB40100C61982 /* Build configuration list for PBXNativeTarget "PrinterApp" */ = {
			isa = XCConfigurationList;
			buildConfigurations = (
				18856B002C2AB40100C61982 /* Debug */,
				18856B012C2AB40100C61982 /* Release */,
			);
			defaultConfigurationIsVisible = 0;
			defaultConfigurationName = Release;
		};
/* End XCConfigurationList section */

/* Begin XCRemoteSwiftPackageReference section */
		18856B312C3152E700C61982 /* XCRemoteSwiftPackageReference "IRLPDFScanContent" */ = {
			isa = XCRemoteSwiftPackageReference;
			repositoryURL = "https://github.com/charlymr/IRLPDFScanContent.git";
			requirement = {
				kind = upToNextMajorVersion;
				minimumVersion = 1.1.1;
			};
		};
/* End XCRemoteSwiftPackageReference section */

/* Begin XCSwiftPackageProductDependency section */
		18856B322C3152E700C61982 /* IRLPDFScanContent */ = {
			isa = XCSwiftPackageProductDependency;
			package = 18856B312C3152E700C61982 /* XCRemoteSwiftPackageReference "IRLPDFScanContent" */;
			productName = IRLPDFScanContent;
		};
/* End XCSwiftPackageProductDependency section */

/* Begin XCVersionGroup section */
		18856B272C2EDD1B00C61982 /* PrinterApp.xcdatamodeld */ = {
			isa = XCVersionGroup;
			children = (
				18856B282C2EDD1B00C61982 /* DataModel.xcdatamodel */,
			);
			currentVersion = 18856B282C2EDD1B00C61982 /* DataModel.xcdatamodel */;
			path = PrinterApp.xcdatamodeld;
			sourceTree = "<group>";
			versionGroupType = wrapper.xcdatamodel;
		};
/* End XCVersionGroup section */
	};
	rootObject = 18856AE92C2AB3FD00C61982 /* Project object */;
}
